
Microsoft Visual Studio Solution File, Format Version 12.00
# Visual Studio Version 16
VisualStudioVersion = 16.0.31410.357
MinimumVisualStudioVersion = 10.0.40219.1
Project("{9A19103F-16F7-4668-BE54-9A1E7A4F7556}") = "FinBot.WebApi", "FinBot\FinBot.WebApi.csproj", "{40E93081-08E6-4113-854E-92B9E378DFA3}"
EndProject
Project("{2150E333-8FDC-42A3-9474-1A3956D46DE8}") = "Core", "Core", "{DA5221E3-8C64-42BD-9809-63B7162D977E}"
EndProject
Project("{9A19103F-16F7-4668-BE54-9A1E7A4F7556}") = "FinBot.Domain", "FinBot.Domain\FinBot.Domain.csproj", "{9B2086B6-3EDA-4052-B571-2691BF350707}"
EndProject
Project("{9A19103F-16F7-4668-BE54-9A1E7A4F7556}") = "FinBot.App", "FinBot.App\FinBot.App.csproj", "{4EA4301D-3A7A-4953-84C0-C890104D123F}"
EndProject
Project("{2150E333-8FDC-42A3-9474-1A3956D46DE8}") = "Infrastucture", "Infrastucture", "{63757058-4062-4C9B-BC98-DB33F006BA57}"
EndProject
Project("{9A19103F-16F7-4668-BE54-9A1E7A4F7556}") = "FinBot.DB", "FinBot.DB\FinBot.DB.csproj", "{E7DA1657-2A27-406A-BBAE-3E4DE10EC633}"
EndProject
Project("{2150E333-8FDC-42A3-9474-1A3956D46DE8}") = "Test", "Test", "{F3AD0CF6-ECAC-4061-B890-95343E329595}"
EndProject
Project("{9A19103F-16F7-4668-BE54-9A1E7A4F7556}") = "FinBot.Services.Test", "FinBot.Services.Test\FinBot.Services.Test.csproj", "{B038DBA3-D273-42BF-8398-3147CD945CDC}"
EndProject
Project("{9A19103F-16F7-4668-BE54-9A1E7A4F7556}") = "FinBot.Services.xUnitTests", "FinBot.Services.xUnitTests\FinBot.Services.xUnitTests.csproj", "{3EE4B621-5193-4BBF-B61C-E64896CFA0E6}"
EndProject
Project("{FAE04EC0-301F-11D3-BF4B-00C04F79EFBC}") = "FinBot.Maintenance", "FinBot.Maintenance\FinBot.Maintenance.csproj", "{9C856C5D-EDB8-4F1D-8DFD-8F35C15B9662}"
EndProject
Global
	GlobalSection(SolutionConfigurationPlatforms) = preSolution
		Debug|Any CPU = Debug|Any CPU
		Release|Any CPU = Release|Any CPU
	EndGlobalSection
	GlobalSection(ProjectConfigurationPlatforms) = postSolution
		{40E93081-08E6-4113-854E-92B9E378DFA3}.Debug|Any CPU.ActiveCfg = Debug|Any CPU
		{40E93081-08E6-4113-854E-92B9E378DFA3}.Debug|Any CPU.Build.0 = Debug|Any CPU
		{40E93081-08E6-4113-854E-92B9E378DFA3}.Release|Any CPU.ActiveCfg = Release|Any CPU
		{40E93081-08E6-4113-854E-92B9E378DFA3}.Release|Any CPU.Build.0 = Release|Any CPU
		{9B2086B6-3EDA-4052-B571-2691BF350707}.Debug|Any CPU.ActiveCfg = Debug|Any CPU
		{9B2086B6-3EDA-4052-B571-2691BF350707}.Debug|Any CPU.Build.0 = Debug|Any CPU
		{9B2086B6-3EDA-4052-B571-2691BF350707}.Release|Any CPU.ActiveCfg = Release|Any CPU
		{9B2086B6-3EDA-4052-B571-2691BF350707}.Release|Any CPU.Build.0 = Release|Any CPU
		{4EA4301D-3A7A-4953-84C0-C890104D123F}.Debug|Any CPU.ActiveCfg = Debug|Any CPU
		{4EA4301D-3A7A-4953-84C0-C890104D123F}.Debug|Any CPU.Build.0 = Debug|Any CPU
		{4EA4301D-3A7A-4953-84C0-C890104D123F}.Release|Any CPU.ActiveCfg = Release|Any CPU
		{4EA4301D-3A7A-4953-84C0-C890104D123F}.Release|Any CPU.Build.0 = Release|Any CPU
		{E7DA1657-2A27-406A-BBAE-3E4DE10EC633}.Debug|Any CPU.ActiveCfg = Debug|Any CPU
		{E7DA1657-2A27-406A-BBAE-3E4DE10EC633}.Debug|Any CPU.Build.0 = Debug|Any CPU
		{E7DA1657-2A27-406A-BBAE-3E4DE10EC633}.Release|Any CPU.ActiveCfg = Release|Any CPU
		{E7DA1657-2A27-406A-BBAE-3E4DE10EC633}.Release|Any CPU.Build.0 = Release|Any CPU
		{B038DBA3-D273-42BF-8398-3147CD945CDC}.Debug|Any CPU.ActiveCfg = Debug|Any CPU
		{B038DBA3-D273-42BF-8398-3147CD945CDC}.Debug|Any CPU.Build.0 = Debug|Any CPU
		{B038DBA3-D273-42BF-8398-3147CD945CDC}.Release|Any CPU.ActiveCfg = Release|Any CPU
		{B038DBA3-D273-42BF-8398-3147CD945CDC}.Release|Any CPU.Build.0 = Release|Any CPU
		{3EE4B621-5193-4BBF-B61C-E64896CFA0E6}.Debug|Any CPU.ActiveCfg = Debug|Any CPU
		{3EE4B621-5193-4BBF-B61C-E64896CFA0E6}.Debug|Any CPU.Build.0 = Debug|Any CPU
		{3EE4B621-5193-4BBF-B61C-E64896CFA0E6}.Release|Any CPU.ActiveCfg = Release|Any CPU
		{3EE4B621-5193-4BBF-B61C-E64896CFA0E6}.Release|Any CPU.Build.0 = Release|Any CPU
		{9C856C5D-EDB8-4F1D-8DFD-8F35C15B9662}.Debug|Any CPU.ActiveCfg = Debug|Any CPU
		{9C856C5D-EDB8-4F1D-8DFD-8F35C15B9662}.Debug|Any CPU.Build.0 = Debug|Any CPU
		{9C856C5D-EDB8-4F1D-8DFD-8F35C15B9662}.Release|Any CPU.ActiveCfg = Release|Any CPU
		{9C856C5D-EDB8-4F1D-8DFD-8F35C15B9662}.Release|Any CPU.Build.0 = Release|Any CPU
	EndGlobalSection
	GlobalSection(SolutionProperties) = preSolution
		HideSolutionNode = FALSE
	EndGlobalSection
	GlobalSection(NestedProjects) = preSolution
		{9B2086B6-3EDA-4052-B571-2691BF350707} = {DA5221E3-8C64-42BD-9809-63B7162D977E}
		{4EA4301D-3A7A-4953-84C0-C890104D123F} = {DA5221E3-8C64-42BD-9809-63B7162D977E}
		{E7DA1657-2A27-406A-BBAE-3E4DE10EC633} = {63757058-4062-4C9B-BC98-DB33F006BA57}
		{B038DBA3-D273-42BF-8398-3147CD945CDC} = {F3AD0CF6-ECAC-4061-B890-95343E329595}
		{3EE4B621-5193-4BBF-B61C-E64896CFA0E6} = {F3AD0CF6-ECAC-4061-B890-95343E329595}
		{9C856C5D-EDB8-4F1D-8DFD-8F35C15B9662} = {DA5221E3-8C64-42BD-9809-63B7162D977E}
	EndGlobalSection
	GlobalSection(ExtensibilityGlobals) = postSolution
		SolutionGuid = {1AAAD6DA-E4B7-49C4-9B67-CFAEA1E048FF}
	EndGlobalSection
EndGlobal
